
Microsoft Visual Studio Solution File, Format Version 12.00
# Visual Studio Version 16
VisualStudioVersion = 16.0.35731.53
MinimumVisualStudioVersion = 10.0.40219.1
Project("{FAE04EC0-301F-11D3-BF4B-00C04F79EFBC}") = "Csharp-Projem-1", "Csharp-Projem-1\Csharp-Projem-1.csproj", "{4A89CCAB-8817-468D-A11D-03105543FE60}"
EndProject
Global
	GlobalSection(SolutionConfigurationPlatforms) = preSolution
		Debug|Any CPU = Debug|Any CPU
		Release|Any CPU = Release|Any CPU
	EndGlobalSection
	GlobalSection(ProjectConfigurationPlatforms) = postSolution
		{4A89CCAB-8817-468D-A11D-03105543FE60}.Debug|Any CPU.ActiveCfg = Debug|Any CPU
		{4A89CCAB-8817-468D-A11D-03105543FE60}.Debug|Any CPU.Build.0 = Debug|Any CPU
		{4A89CCAB-8817-468D-A11D-03105543FE60}.Release|Any CPU.ActiveCfg = Release|Any CPU
		{4A89CCAB-8817-468D-A11D-03105543FE60}.Release|Any CPU.Build.0 = Release|Any CPU
	EndGlobalSection
	GlobalSection(SolutionProperties) = preSolution
		HideSolutionNode = FALSE
	EndGlobalSection
	GlobalSection(ExtensibilityGlobals) = postSolution
		SolutionGuid = {3914EA70-6BA1-4686-9E31-7848DCAEDA38}
	EndGlobalSection
EndGlobal
